
Microsoft Visual Studio Solution File, Format Version 12.00
# Visual Studio Version 17
VisualStudioVersion = 17.9.34728.123
MinimumVisualStudioVersion = 10.0.40219.1
Project("{FAE04EC0-301F-11D3-BF4B-00C04F79EFBC}") = "OrderAggregationAPI", "OrderAggregationAPI\OrderAggregationAPI.csproj", "{38F3872D-56C5-4242-96AC-08A2DDFCAE38}"
EndProject
Project("{FAE04EC0-301F-11D3-BF4B-00C04F79EFBC}") = "OrderAggregationAPITests", "OrderAggregationAPITests\OrderAggregationAPITests.csproj", "{8D4BBDED-2043-4511-A045-63D2AECB6DB5}"
EndProject
Global
	GlobalSection(SolutionConfigurationPlatforms) = preSolution
		Debug|Any CPU = Debug|Any CPU
		Release|Any CPU = Release|Any CPU
	EndGlobalSection
	GlobalSection(ProjectConfigurationPlatforms) = postSolution
		{38F3872D-56C5-4242-96AC-08A2DDFCAE38}.Debug|Any CPU.ActiveCfg = Debug|Any CPU
		{38F3872D-56C5-4242-96AC-08A2DDFCAE38}.Debug|Any CPU.Build.0 = Debug|Any CPU
		{38F3872D-56C5-4242-96AC-08A2DDFCAE38}.Release|Any CPU.ActiveCfg = Release|Any CPU
		{38F3872D-56C5-4242-96AC-08A2DDFCAE38}.Release|Any CPU.Build.0 = Release|Any CPU
		{8D4BBDED-2043-4511-A045-63D2AECB6DB5}.Debug|Any CPU.ActiveCfg = Debug|Any CPU
		{8D4BBDED-2043-4511-A045-63D2AECB6DB5}.Debug|Any CPU.Build.0 = Debug|Any CPU
		{8D4BBDED-2043-4511-A045-63D2AECB6DB5}.Release|Any CPU.ActiveCfg = Release|Any CPU
		{8D4BBDED-2043-4511-A045-63D2AECB6DB5}.Release|Any CPU.Build.0 = Release|Any CPU
	EndGlobalSection
	GlobalSection(SolutionProperties) = preSolution
		HideSolutionNode = FALSE
	EndGlobalSection
	GlobalSection(ExtensibilityGlobals) = postSolution
		SolutionGuid = {54855526-B6E1-4509-97A5-D71CC3EF1E7B}
	EndGlobalSection
EndGlobal
